
Microsoft Visual Studio Solution File, Format Version 12.00
# Visual Studio Version 17
VisualStudioVersion = 17.11.35222.181
MinimumVisualStudioVersion = 10.0.40219.1
Project("{FAE04EC0-301F-11D3-BF4B-00C04F79EFBC}") = "League", "League\League.csproj", "{A103084F-1054-4773-8144-27329BFBEFC3}"
EndProject
Global
	GlobalSection(SolutionConfigurationPlatforms) = preSolution
		Debug|Any CPU = Debug|Any CPU
		Release|Any CPU = Release|Any CPU
	EndGlobalSection
	GlobalSection(ProjectConfigurationPlatforms) = postSolution
		{A103084F-1054-4773-8144-27329BFBEFC3}.Debug|Any CPU.ActiveCfg = Debug|Any CPU
		{A103084F-1054-4773-8144-27329BFBEFC3}.Debug|Any CPU.Build.0 = Debug|Any CPU
		{A103084F-1054-4773-8144-27329BFBEFC3}.Release|Any CPU.ActiveCfg = Release|Any CPU
		{A103084F-1054-4773-8144-27329BFBEFC3}.Release|Any CPU.Build.0 = Release|Any CPU
	EndGlobalSection
	GlobalSection(SolutionProperties) = preSolution
		HideSolutionNode = FALSE
	EndGlobalSection
	GlobalSection(ExtensibilityGlobals) = postSolution
		SolutionGuid = {170B27F1-3722-44F3-9855-76F878288475}
	EndGlobalSection
EndGlobal
